
Microsoft Visual Studio Solution File, Format Version 12.00
# Visual Studio 15
VisualStudioVersion = 15.0.27004.2009
MinimumVisualStudioVersion = 10.0.40219.1
Project("{9A19103F-16F7-4668-BE54-9A1E7A4F7556}") = "PARP3", "PARP3\PARP3.csproj", "{0C243F55-026F-42E9-82E3-452830183050}"
EndProject
Project("{8BC9CEB8-8B4A-11D0-8D11-00A0C91BC942}") = "PARP3Task1", "PARP3Task1\PARP3Task1.vcxproj", "{A0122BF7-F99A-41D3-ADA1-3DA063DF3B1C}"
EndProject
Global
	GlobalSection(SolutionConfigurationPlatforms) = preSolution
		Debug|Any CPU = Debug|Any CPU
		Debug|x64 = Debug|x64
		Debug|x86 = Debug|x86
		Release|Any CPU = Release|Any CPU
		Release|x64 = Release|x64
		Release|x86 = Release|x86
	EndGlobalSection
	GlobalSection(ProjectConfigurationPlatforms) = postSolution
		{0C243F55-026F-42E9-82E3-452830183050}.Debug|Any CPU.ActiveCfg = Debug|Any CPU
		{0C243F55-026F-42E9-82E3-452830183050}.Debug|Any CPU.Build.0 = Debug|Any CPU
		{0C243F55-026F-42E9-82E3-452830183050}.Debug|x64.ActiveCfg = Debug|Any CPU
		{0C243F55-026F-42E9-82E3-452830183050}.Debug|x64.Build.0 = Debug|Any CPU
		{0C243F55-026F-42E9-82E3-452830183050}.Debug|x86.ActiveCfg = Debug|Any CPU
		{0C243F55-026F-42E9-82E3-452830183050}.Debug|x86.Build.0 = Debug|Any CPU
		{0C243F55-026F-42E9-82E3-452830183050}.Release|Any CPU.ActiveCfg = Release|Any CPU
		{0C243F55-026F-42E9-82E3-452830183050}.Release|Any CPU.Build.0 = Release|Any CPU
		{0C243F55-026F-42E9-82E3-452830183050}.Release|x64.ActiveCfg = Release|Any CPU
		{0C243F55-026F-42E9-82E3-452830183050}.Release|x64.Build.0 = Release|Any CPU
		{0C243F55-026F-42E9-82E3-452830183050}.Release|x86.ActiveCfg = Release|Any CPU
		{0C243F55-026F-42E9-82E3-452830183050}.Release|x86.Build.0 = Release|Any CPU
		{A0122BF7-F99A-41D3-ADA1-3DA063DF3B1C}.Debug|Any CPU.ActiveCfg = Debug|Win32
		{A0122BF7-F99A-41D3-ADA1-3DA063DF3B1C}.Debug|x64.ActiveCfg = Debug|x64
		{A0122BF7-F99A-41D3-ADA1-3DA063DF3B1C}.Debug|x64.Build.0 = Debug|x64
		{A0122BF7-F99A-41D3-ADA1-3DA063DF3B1C}.Debug|x86.ActiveCfg = Debug|Win32
		{A0122BF7-F99A-41D3-ADA1-3DA063DF3B1C}.Debug|x86.Build.0 = Debug|Win32
		{A0122BF7-F99A-41D3-ADA1-3DA063DF3B1C}.Release|Any CPU.ActiveCfg = Release|Win32
		{A0122BF7-F99A-41D3-ADA1-3DA063DF3B1C}.Release|x64.ActiveCfg = Release|x64
		{A0122BF7-F99A-41D3-ADA1-3DA063DF3B1C}.Release|x64.Build.0 = Release|x64
		{A0122BF7-F99A-41D3-ADA1-3DA063DF3B1C}.Release|x86.ActiveCfg = Release|Win32
		{A0122BF7-F99A-41D3-ADA1-3DA063DF3B1C}.Release|x86.Build.0 = Release|Win32
	EndGlobalSection
	GlobalSection(SolutionProperties) = preSolution
		HideSolutionNode = FALSE
	EndGlobalSection
	GlobalSection(ExtensibilityGlobals) = postSolution
		SolutionGuid = {522988B9-8DB3-4BC3-A4AD-ECEC8E5214CC}
	EndGlobalSection
EndGlobal
